Microsoft Visual Studio Solution File, Format Version 12.00
# Visual Studio Version 17
VisualStudioVersion = 17.6.33829.357
MinimumVisualStudioVersion = 10.0.40219.1
Project("{2150E333-8FDC-42A3-9474-1A3956D46DE8}") = "src", "src", "{D104235A-BBF8-4609-A120-5891A8978F53}"
EndProject
Project("{2150E333-8FDC-42A3-9474-1A3956D46DE8}") = "services", "services", "{EE1E67F4-0129-4C46-906D-E14778FE2900}"
EndProject
Project("{9A19103F-16F7-4668-BE54-9A1E7A4F7556}") = "LocalStack.Core", "src\LocalStack.Core\LocalStack.Core.csproj", "{935B0A26-29DB-4F41-804B-F823A17AB943}"
EndProject
Project("{9A19103F-16F7-4668-BE54-9A1E7A4F7556}") = "LocalStack.Services.ProfileApi", "src\LocalStack.Services.ProfileApi\LocalStack.Services.ProfileApi.csproj", "{5872DD39-FB99-4DCB-9124-70C05F259DC4}"
EndProject
Global
	GlobalSection(SolutionConfigurationPlatforms) = preSolution
		Debug|Any CPU = Debug|Any CPU
		Release|Any CPU = Release|Any CPU
	EndGlobalSection
	GlobalSection(ProjectConfigurationPlatforms) = postSolution
		{935B0A26-29DB-4F41-804B-F823A17AB943}.Debug|Any CPU.ActiveCfg = Debug|Any CPU
		{935B0A26-29DB-4F41-804B-F823A17AB943}.Debug|Any CPU.Build.0 = Debug|Any CPU
		{935B0A26-29DB-4F41-804B-F823A17AB943}.Release|Any CPU.ActiveCfg = Release|Any CPU
		{935B0A26-29DB-4F41-804B-F823A17AB943}.Release|Any CPU.Build.0 = Release|Any CPU
		{5872DD39-FB99-4DCB-9124-70C05F259DC4}.Debug|Any CPU.ActiveCfg = Debug|Any CPU
		{5872DD39-FB99-4DCB-9124-70C05F259DC4}.Debug|Any CPU.Build.0 = Debug|Any CPU
		{5872DD39-FB99-4DCB-9124-70C05F259DC4}.Release|Any CPU.ActiveCfg = Release|Any CPU
		{5872DD39-FB99-4DCB-9124-70C05F259DC4}.Release|Any CPU.Build.0 = Release|Any CPU
	EndGlobalSection
	GlobalSection(SolutionProperties) = preSolution
		HideSolutionNode = FALSE
	EndGlobalSection
	GlobalSection(NestedProjects) = preSolution
		{EE1E67F4-0129-4C46-906D-E14778FE2900} = {D104235A-BBF8-4609-A120-5891A8978F53}
		{935B0A26-29DB-4F41-804B-F823A17AB943} = {D104235A-BBF8-4609-A120-5891A8978F53}
		{5872DD39-FB99-4DCB-9124-70C05F259DC4} = {EE1E67F4-0129-4C46-906D-E14778FE2900}
	EndGlobalSection
	GlobalSection(ExtensibilityGlobals) = postSolution
		SolutionGuid = {4F6606E0-90F9-4805-97F9-E47CAAAF2CB0}
	EndGlobalSection
EndGlobal
